
Microsoft Visual Studio Solution File, Format Version 12.00
# Visual Studio Version 16
VisualStudioVersion = 16.0.30523.141
MinimumVisualStudioVersion = 10.0.40219.1
Project("{FAE04EC0-301F-11D3-BF4B-00C04F79EFBC}") = "Supermarket Management System", "Supermarket Management System\Supermarket Management System.csproj", "{DFA125AA-EDEE-4180-AE99-69CDF9231135}"
EndProject
Global
	GlobalSection(SolutionConfigurationPlatforms) = preSolution
		Debug|Any CPU = Debug|Any CPU
		Release|Any CPU = Release|Any CPU
	EndGlobalSection
	GlobalSection(ProjectConfigurationPlatforms) = postSolution
		{DFA125AA-EDEE-4180-AE99-69CDF9231135}.Debug|Any CPU.ActiveCfg = Debug|Any CPU
		{DFA125AA-EDEE-4180-AE99-69CDF9231135}.Debug|Any CPU.Build.0 = Debug|Any CPU
		{DFA125AA-EDEE-4180-AE99-69CDF9231135}.Release|Any CPU.ActiveCfg = Release|Any CPU
		{DFA125AA-EDEE-4180-AE99-69CDF9231135}.Release|Any CPU.Build.0 = Release|Any CPU
	EndGlobalSection
	GlobalSection(SolutionProperties) = preSolution
		HideSolutionNode = FALSE
	EndGlobalSection
	GlobalSection(ExtensibilityGlobals) = postSolution
		SolutionGuid = {2F9FAD47-8961-41C7-A485-2A893ED5E568}
	EndGlobalSection
EndGlobal
